// !$*UTF8*$!
{
	archiveVersion = 1;
	classes = {
	};
	objectVersion = 50;
	objects = {

/* Begin PBXBuildFile section */
		A0066A5E218CDDA30019EFF8 /* AppDelegate.swift in Sources */ = {isa = PBXBuildFile; fileRef = A0066A5D218CDDA30019EFF8 /* AppDelegate.swift */; };
		A0066A63218CDDA30019EFF8 /* Main.storyboard in Resources */ = {isa = PBXBuildFile; fileRef = A0066A61218CDDA30019EFF8 /* Main.storyboard */; };
		A0066A65218CDDA80019EFF8 /* Assets.xcassets in Resources */ = {isa = PBXBuildFile; fileRef = A0066A64218CDDA80019EFF8 /* Assets.xcassets */; };
		A0066A68218CDDA80019EFF8 /* LaunchScreen.storyboard in Resources */ = {isa = PBXBuildFile; fileRef = A0066A66218CDDA80019EFF8 /* LaunchScreen.storyboard */; };
		A0066A7F218D002D0019EFF8 /* MainTabBarController.swift in Sources */ = {isa = PBXBuildFile; fileRef = A0066A7E218D002D0019EFF8 /* MainTabBarController.swift */; };
		A0066A83218D01770019EFF8 /* UserSearchController.swift in Sources */ = {isa = PBXBuildFile; fileRef = A0066A82218D01770019EFF8 /* UserSearchController.swift */; };
		A0066A88218D04080019EFF8 /* Extensions.swift in Sources */ = {isa = PBXBuildFile; fileRef = A0066A87218D04080019EFF8 /* Extensions.swift */; };
		A0066A8A218D3DAE0019EFF8 /* CustomImageView.swift in Sources */ = {isa = PBXBuildFile; fileRef = A0066A89218D3DAE0019EFF8 /* CustomImageView.swift */; };
		A0066A8C218D3E2A0019EFF8 /* Reachability.swift in Sources */ = {isa = PBXBuildFile; fileRef = A0066A8B218D3E2A0019EFF8 /* Reachability.swift */; };
		A0066A8F218D41610019EFF8 /* Review.swift in Sources */ = {isa = PBXBuildFile; fileRef = A0066A8E218D41610019EFF8 /* Review.swift */; };
		A0066A91218D41760019EFF8 /* User.swift in Sources */ = {isa = PBXBuildFile; fileRef = A0066A90218D41760019EFF8 /* User.swift */; };
		A0066A94218DFD7F0019EFF8 /* AuthService.swift in Sources */ = {isa = PBXBuildFile; fileRef = A0066A93218DFD7F0019EFF8 /* AuthService.swift */; };
		A0066A98218DFE040019EFF8 /* KeyChainAccess.swift in Sources */ = {isa = PBXBuildFile; fileRef = A0066A97218DFE040019EFF8 /* KeyChainAccess.swift */; };
		A0066A9A218DFE730019EFF8 /* Constants.swift in Sources */ = {isa = PBXBuildFile; fileRef = A0066A99218DFE730019EFF8 /* Constants.swift */; };
		A0066A9C218E0B030019EFF8 /* LoginController.swift in Sources */ = {isa = PBXBuildFile; fileRef = A0066A9B218E0B030019EFF8 /* LoginController.swift */; };
		A0318B622192388D00AB6EB6 /* MyProfileController.swift in Sources */ = {isa = PBXBuildFile; fileRef = A0318B612192388C00AB6EB6 /* MyProfileController.swift */; };
		A0318B64219247D900AB6EB6 /* UserSearchCell.swift in Sources */ = {isa = PBXBuildFile; fileRef = A0318B63219247D900AB6EB6 /* UserSearchCell.swift */; };
		A0318B672192953200AB6EB6 /* UserProfileController.swift in Sources */ = {isa = PBXBuildFile; fileRef = A0318B662192953200AB6EB6 /* UserProfileController.swift */; };
		A0318B6921937A9500AB6EB6 /* WriteReviewController.swift in Sources */ = {isa = PBXBuildFile; fileRef = A0318B6821937A9500AB6EB6 /* WriteReviewController.swift */; };
		A0318B6B21949A4E00AB6EB6 /* UserProfileHeader.swift in Sources */ = {isa = PBXBuildFile; fileRef = A0318B6A21949A4E00AB6EB6 /* UserProfileHeader.swift */; };
		A0318B6E21951A5C00AB6EB6 /* ReviewCell.swift in Sources */ = {isa = PBXBuildFile; fileRef = A0318B6D21951A5C00AB6EB6 /* ReviewCell.swift */; };
		A036309721B0799E000C9520 /* ApiService.swift in Sources */ = {isa = PBXBuildFile; fileRef = A036309621B0799E000C9520 /* ApiService.swift */; };
		A036309921B0B84D000C9520 /* Helpers.swift in Sources */ = {isa = PBXBuildFile; fileRef = A036309821B0B84C000C9520 /* Helpers.swift */; };
		A045B4E3219CBFF4002B16FA /* HomeController.swift in Sources */ = {isa = PBXBuildFile; fileRef = A045B4E2219CBFF4002B16FA /* HomeController.swift */; };
		A045B504219CEEFE002B16FA /* SF-Pro-Text-Regular.otf in Resources */ = {isa = PBXBuildFile; fileRef = A045B4E6219CEEF3002B16FA /* SF-Pro-Text-Regular.otf */; };
		A045B505219CEEFE002B16FA /* SF-Pro-Text-HeavyItalic.otf in Resources */ = {isa = PBXBuildFile; fileRef = A045B4E7219CEEF4002B16FA /* SF-Pro-Text-HeavyItalic.otf */; };
		A045B506219CEEFE002B16FA /* SF-Pro-Text-Heavy.otf in Resources */ = {isa = PBXBuildFile; fileRef = A045B4E8219CEEF4002B16FA /* SF-Pro-Text-Heavy.otf */; };
		A045B507219CEEFE002B16FA /* SF-Pro-Text-Light.otf in Resources */ = {isa = PBXBuildFile; fileRef = A045B4E9219CEEF4002B16FA /* SF-Pro-Text-Light.otf */; };
		A045B508219CEEFE002B16FA /* SF-Pro-Display-Black.otf in Resources */ = {isa = PBXBuildFile; fileRef = A045B4EA219CEEF5002B16FA /* SF-Pro-Display-Black.otf */; };
		A045B509219CEEFE002B16FA /* SF-Pro-Display-Medium.otf in Resources */ = {isa = PBXBuildFile; fileRef = A045B4EB219CEEF5002B16FA /* SF-Pro-Display-Medium.otf */; };
		A045B50A219CEEFE002B16FA /* SF-Pro-Display-Ultralight.otf in Resources */ = {isa = PBXBuildFile; fileRef = A045B4EC219CEEF5002B16FA /* SF-Pro-Display-Ultralight.otf */; };
		A045B50B219CEEFE002B16FA /* SF-Pro-Text-LightItalic.otf in Resources */ = {isa = PBXBuildFile; fileRef = A045B4ED219CEEF6002B16FA /* SF-Pro-Text-LightItalic.otf */; };
		A045B50C219CEEFE002B16FA /* SF-Pro-Display-LightItalic.otf in Resources */ = {isa = PBXBuildFile; fileRef = A045B4EE219CEEF6002B16FA /* SF-Pro-Display-LightItalic.otf */; };
		A045B50D219CEEFE002B16FA /* SF-Pro-Text-BoldItalic.otf in Resources */ = {isa = PBXBuildFile; fileRef = A045B4EF219CEEF6002B16FA /* SF-Pro-Text-BoldItalic.otf */; };
		A045B50E219CEEFE002B16FA /* SF-Pro-Display-SemiboldItalic.otf in Resources */ = {isa = PBXBuildFile; fileRef = A045B4F0219CEEF7002B16FA /* SF-Pro-Display-SemiboldItalic.otf */; };
		A045B50F219CEEFE002B16FA /* SF-Pro-Display-MediumItalic.otf in Resources */ = {isa = PBXBuildFile; fileRef = A045B4F1219CEEF7002B16FA /* SF-Pro-Display-MediumItalic.otf */; };
		A045B510219CEEFE002B16FA /* SF-Pro-Display-Semibold.otf in Resources */ = {isa = PBXBuildFile; fileRef = A045B4F2219CEEF7002B16FA /* SF-Pro-Display-Semibold.otf */; };
		A045B511219CEEFE002B16FA /* SF-Pro-Text-MediumItalic.otf in Resources */ = {isa = PBXBuildFile; fileRef = A045B4F3219CEEF8002B16FA /* SF-Pro-Text-MediumItalic.otf */; };
		A045B512219CEEFE002B16FA /* SF-Pro-Display-Light.otf in Resources */ = {isa = PBXBuildFile; fileRef = A045B4F4219CEEF8002B16FA /* SF-Pro-Display-Light.otf */; };
		A045B513219CEEFE002B16FA /* SF-Pro-Text-RegularItalic.otf in Resources */ = {isa = PBXBuildFile; fileRef = A045B4F5219CEEF8002B16FA /* SF-Pro-Text-RegularItalic.otf */; };
		A045B514219CEEFE002B16FA /* SF-Pro-Text-Bold.otf in Resources */ = {isa = PBXBuildFile; fileRef = A045B4F6219CEEF9002B16FA /* SF-Pro-Text-Bold.otf */; };
		A045B515219CEEFE002B16FA /* SF-Pro-Text-SemiboldItalic.otf in Resources */ = {isa = PBXBuildFile; fileRef = A045B4F7219CEEF9002B16FA /* SF-Pro-Text-SemiboldItalic.otf */; };
		A045B516219CEEFE002B16FA /* SF-Pro-Display-Regular.otf in Resources */ = {isa = PBXBuildFile; fileRef = A045B4F8219CEEF9002B16FA /* SF-Pro-Display-Regular.otf */; };
		A045B517219CEEFE002B16FA /* SF-Pro-Display-ThinItalic.otf in Resources */ = {isa = PBXBuildFile; fileRef = A045B4F9219CEEFA002B16FA /* SF-Pro-Display-ThinItalic.otf */; };
		A045B518219CEEFE002B16FA /* SF-Pro-Display-UltralightItalic.otf in Resources */ = {isa = PBXBuildFile; fileRef = A045B4FA219CEEFA002B16FA /* SF-Pro-Display-UltralightItalic.otf */; };
		A045B519219CEEFE002B16FA /* SF-Pro-Display-Thin.otf in Resources */ = {isa = PBXBuildFile; fileRef = A045B4FB219CEEFA002B16FA /* SF-Pro-Display-Thin.otf */; };
		A045B51A219CEEFE002B16FA /* SF-Pro-Display-BlackItalic.otf in Resources */ = {isa = PBXBuildFile; fileRef = A045B4FC219CEEFB002B16FA /* SF-Pro-Display-BlackItalic.otf */; };
		A045B51B219CEEFE002B16FA /* SF-Pro-Display-Bold.otf in Resources */ = {isa = PBXBuildFile; fileRef = A045B4FD219CEEFB002B16FA /* SF-Pro-Display-Bold.otf */; };
		A045B51C219CEEFE002B16FA /* SF-Pro-Display-HeavyItalic.otf in Resources */ = {isa = PBXBuildFile; fileRef = A045B4FE219CEEFB002B16FA /* SF-Pro-Display-HeavyItalic.otf */; };
		A045B51D219CEEFE002B16FA /* SF-Pro-Text-Medium.otf in Resources */ = {isa = PBXBuildFile; fileRef = A045B4FF219CEEFC002B16FA /* SF-Pro-Text-Medium.otf */; };
		A045B51E219CEEFE002B16FA /* SF-Pro-Display-RegularItalic.otf in Resources */ = {isa = PBXBuildFile; fileRef = A045B500219CEEFC002B16FA /* SF-Pro-Display-RegularItalic.otf */; };
		A045B51F219CEEFE002B16FA /* SF-Pro-Text-Semibold.otf in Resources */ = {isa = PBXBuildFile; fileRef = A045B501219CEEFD002B16FA /* SF-Pro-Text-Semibold.otf */; };
		A045B520219CEEFE002B16FA /* SF-Pro-Display-Heavy.otf in Resources */ = {isa = PBXBuildFile; fileRef = A045B502219CEEFD002B16FA /* SF-Pro-Display-Heavy.otf */; };
		A045B521219CEEFE002B16FA /* SF-Pro-Display-BoldItalic.otf in Resources */ = {isa = PBXBuildFile; fileRef = A045B503219CEEFE002B16FA /* SF-Pro-Display-BoldItalic.otf */; };
		A045B524219D0A45002B16FA /* SFCompactDisplay-Regular.otf in Resources */ = {isa = PBXBuildFile; fileRef = A045B522219D0A44002B16FA /* SFCompactDisplay-Regular.otf */; };
		A045B525219D0A45002B16FA /* SFCompactText-Regular.otf in Resources */ = {isa = PBXBuildFile; fileRef = A045B523219D0A44002B16FA /* SFCompactText-Regular.otf */; };
		A045B53B219D1BF4002B16FA /* SFCompactDisplay-Medium.otf in Resources */ = {isa = PBXBuildFile; fileRef = A045B528219D1BE6002B16FA /* SFCompactDisplay-Medium.otf */; };
		A045B53C219D1BF4002B16FA /* SFCompactDisplay-Ultralight.otf in Resources */ = {isa = PBXBuildFile; fileRef = A045B529219D1BE7002B16FA /* SFCompactDisplay-Ultralight.otf */; };
		A045B53D219D1BF4002B16FA /* SFCompactText-Medium.otf in Resources */ = {isa = PBXBuildFile; fileRef = A045B52A219D1BE8002B16FA /* SFCompactText-Medium.otf */; };
		A045B53E219D1BF4002B16FA /* SFCompactText-MediumItalic.otf in Resources */ = {isa = PBXBuildFile; fileRef = A045B52B219D1BE8002B16FA /* SFCompactText-MediumItalic.otf */; };
		A045B53F219D1BF4002B16FA /* SFCompactDisplay-Thin.otf in Resources */ = {isa = PBXBuildFile; fileRef = A045B52C219D1BE9002B16FA /* SFCompactDisplay-Thin.otf */; };
		A045B540219D1BF4002B16FA /* SFCompactText-Heavy.otf in Resources */ = {isa = PBXBuildFile; fileRef = A045B52D219D1BEA002B16FA /* SFCompactText-Heavy.otf */; };
		A045B541219D1BF4002B16FA /* SFCompactText-Bold.otf in Resources */ = {isa = PBXBuildFile; fileRef = A045B52E219D1BEA002B16FA /* SFCompactText-Bold.otf */; };
		A045B542219D1BF4002B16FA /* SFCompactText-RegularItalic.otf in Resources */ = {isa = PBXBuildFile; fileRef = A045B52F219D1BEB002B16FA /* SFCompactText-RegularItalic.otf */; };
		A045B543219D1BF4002B16FA /* SFCompactDisplay-Light.otf in Resources */ = {isa = PBXBuildFile; fileRef = A045B530219D1BEC002B16FA /* SFCompactDisplay-Light.otf */; };
		A045B544219D1BF4002B16FA /* SFCompactText-BoldItalic.otf in Resources */ = {isa = PBXBuildFile; fileRef = A045B531219D1BEC002B16FA /* SFCompactText-BoldItalic.otf */; };
		A045B545219D1BF4002B16FA /* SFCompactDisplay-Black.otf in Resources */ = {isa = PBXBuildFile; fileRef = A045B532219D1BED002B16FA /* SFCompactDisplay-Black.otf */; };
		A045B546219D1BF4002B16FA /* SFCompactDisplay-Heavy.otf in Resources */ = {isa = PBXBuildFile; fileRef = A045B533219D1BEE002B16FA /* SFCompactDisplay-Heavy.otf */; };
		A045B547219D1BF4002B16FA /* SFCompactDisplay-Semibold.otf in Resources */ = {isa = PBXBuildFile; fileRef = A045B534219D1BEF002B16FA /* SFCompactDisplay-Semibold.otf */; };
		A045B548219D1BF4002B16FA /* SFCompactText-SemiboldItalic.otf in Resources */ = {isa = PBXBuildFile; fileRef = A045B535219D1BEF002B16FA /* SFCompactText-SemiboldItalic.otf */; };
		A045B549219D1BF4002B16FA /* SFCompactText-Light.otf in Resources */ = {isa = PBXBuildFile; fileRef = A045B536219D1BF0002B16FA /* SFCompactText-Light.otf */; };
		A045B54A219D1BF4002B16FA /* SFCompactText-Semibold.otf in Resources */ = {isa = PBXBuildFile; fileRef = A045B537219D1BF1002B16FA /* SFCompactText-Semibold.otf */; };
		A045B54B219D1BF4002B16FA /* SFCompactText-HeavyItalic.otf in Resources */ = {isa = PBXBuildFile; fileRef = A045B538219D1BF2002B16FA /* SFCompactText-HeavyItalic.otf */; };
		A045B54C219D1BF4002B16FA /* SFCompactDisplay-Bold.otf in Resources */ = {isa = PBXBuildFile; fileRef = A045B539219D1BF3002B16FA /* SFCompactDisplay-Bold.otf */; };
		A045B54D219D1BF4002B16FA /* SFCompactText-LightItalic.otf in Resources */ = {isa = PBXBuildFile; fileRef = A045B53A219D1BF3002B16FA /* SFCompactText-LightItalic.otf */; };
		A045B554219DCD2B002B16FA /* SF-UI-Display-Medium.otf in Resources */ = {isa = PBXBuildFile; fileRef = A045B54E219DCD24002B16FA /* SF-UI-Display-Medium.otf */; };
		A045B555219DCD2B002B16FA /* SF-UI-Display-Light.otf in Resources */ = {isa = PBXBuildFile; fileRef = A045B54F219DCD27002B16FA /* SF-UI-Display-Light.otf */; };
		A045B556219DCD2B002B16FA /* SF-UI-Display-Bold.otf in Resources */ = {isa = PBXBuildFile; fileRef = A045B550219DCD28002B16FA /* SF-UI-Display-Bold.otf */; };
		A045B557219DCD2B002B16FA /* SF-UI-Display-Thin.otf in Resources */ = {isa = PBXBuildFile; fileRef = A045B551219DCD29002B16FA /* SF-UI-Display-Thin.otf */; };
		A045B558219DCD2B002B16FA /* SF-UI-Display-Semibold.otf in Resources */ = {isa = PBXBuildFile; fileRef = A045B552219DCD2A002B16FA /* SF-UI-Display-Semibold.otf */; };
		A045B559219DCD2B002B16FA /* SF-UI-Display-Regular.otf in Resources */ = {isa = PBXBuildFile; fileRef = A045B553219DCD2A002B16FA /* SF-UI-Display-Regular.otf */; };
		A045B55E219F5F30002B16FA /* GoogleService-Info.plist in Resources */ = {isa = PBXBuildFile; fileRef = A045B55D219F5F30002B16FA /* GoogleService-Info.plist */; };
		A045B56021A05D35002B16FA /* SignUpController.swift in Sources */ = {isa = PBXBuildFile; fileRef = A045B55F21A05D35002B16FA /* SignUpController.swift */; };
		A045B56221A1DA63002B16FA /* EditProfileController.swift in Sources */ = {isa = PBXBuildFile; fileRef = A045B56121A1DA62002B16FA /* EditProfileController.swift */; };
		A045B57721A78756002B16FA /* NSData+CommonCrypto.m in Sources */ = {isa = PBXBuildFile; fileRef = A045B57021A78755002B16FA /* NSData+CommonCrypto.m */; };
		A045B57821A78756002B16FA /* NSString+Base64.m in Sources */ = {isa = PBXBuildFile; fileRef = A045B57121A78755002B16FA /* NSString+Base64.m */; };
		A045B57921A78756002B16FA /* AESCrypt.m in Sources */ = {isa = PBXBuildFile; fileRef = A045B57321A78755002B16FA /* AESCrypt.m */; };
		A045B57A21A78756002B16FA /* NSData+Base64.m in Sources */ = {isa = PBXBuildFile; fileRef = A045B57521A78756002B16FA /* NSData+Base64.m */; };
		A045B57C21A787AD002B16FA /* friends.jpg in Resources */ = {isa = PBXBuildFile; fileRef = A045B57B21A787AC002B16FA /* friends.jpg */; };
		A074587121BB2B8000D3E483 /* AdminSideMenu.swift in Sources */ = {isa = PBXBuildFile; fileRef = A074587021BB2B7F00D3E483 /* AdminSideMenu.swift */; };
		A074587321BB2EA000D3E483 /* AdminSideMenuCell.swift in Sources */ = {isa = PBXBuildFile; fileRef = A074587221BB2EA000D3E483 /* AdminSideMenuCell.swift */; };
		A074587621BB5F7E00D3E483 /* Metric1.swift in Sources */ = {isa = PBXBuildFile; fileRef = A074587521BB5F7E00D3E483 /* Metric1.swift */; };
		A074587A21BC3F2B00D3E483 /* AdminLoginController.swift in Sources */ = {isa = PBXBuildFile; fileRef = A074587921BC3F2B00D3E483 /* AdminLoginController.swift */; };
		A074587C21BC5A0500D3E483 /* AdminMainViewController.swift in Sources */ = {isa = PBXBuildFile; fileRef = A074587B21BC5A0500D3E483 /* AdminMainViewController.swift */; };
		A074587E21BC82BE00D3E483 /* MainViewController.swift in Sources */ = {isa = PBXBuildFile; fileRef = A074587D21BC82BE00D3E483 /* MainViewController.swift */; };
		F296AA838FC7ED9CF2E078F2 /* Pods_Value.framework in Frameworks */ = {isa = PBXBuildFile; fileRef = B39DDA6699FBD0D8B584936D /* Pods_Value.framework */; };
/* End PBXBuildFile section */

/* Begin PBXFileReference section */
		A0066A5A218CDDA30019EFF8 /* Value.app */ = {isa = PBXFileReference; explicitFileType = wrapper.application; includeInIndex = 0; path = Value.app; sourceTree = BUILT_PRODUCTS_DIR; };
		A0066A5D218CDDA30019EFF8 /* AppDelegate.swift */ = {isa = PBXFileReference; lastKnownFileType = sourcecode.swift; path = AppDelegate.swift; sourceTree = "<group>"; };
		A0066A62218CDDA30019EFF8 /* Base */ = {isa = PBXFileReference; lastKnownFileType = file.storyboard; name = Base; path = Base.lproj/Main.storyboard; sourceTree = "<group>"; };
		A0066A64218CDDA80019EFF8 /* Assets.xcassets */ = {isa = PBXFileReference; lastKnownFileType = folder.assetcatalog; path = Assets.xcassets; sourceTree = "<group>"; };
		A0066A67218CDDA80019EFF8 /* Base */ = {isa = PBXFileReference; lastKnownFileType = file.storyboard; name = Base; path = Base.lproj/LaunchScreen.storyboard; sourceTree = "<group>"; };
		A0066A69218CDDA80019EFF8 /* Info.plist */ = {isa = PBXFileReference; lastKnownFileType = text.plist.xml; path = Info.plist; sourceTree = "<group>"; };
		A0066A70218CE0810019EFF8 /* Value-Bridging-Header.h */ = {isa = PBXFileReference; lastKnownFileType = sourcecode.c.h; path = "Value-Bridging-Header.h"; sourceTree = "<group>"; };
		A0066A7E218D002D0019EFF8 /* MainTabBarController.swift */ = {isa = PBXFileReference; lastKnownFileType = sourcecode.swift; path = MainTabBarController.swift; sourceTree = "<group>"; };
		A0066A82218D01770019EFF8 /* UserSearchController.swift */ = {isa = PBXFileReference; lastKnownFileType = sourcecode.swift; path = UserSearchController.swift; sourceTree = "<group>"; };
		A0066A87218D04080019EFF8 /* Extensions.swift */ = {isa = PBXFileReference; lastKnownFileType = sourcecode.swift; path = Extensions.swift; sourceTree = "<group>"; };
		A0066A89218D3DAE0019EFF8 /* CustomImageView.swift */ = {isa = PBXFileReference; lastKnownFileType = sourcecode.swift; path = CustomImageView.swift; sourceTree = "<group>"; };
		A0066A8B218D3E2A0019EFF8 /* Reachability.swift */ = {isa = PBXFileReference; fileEncoding = 4; lastKnownFileType = sourcecode.swift; path = Reachability.swift; sourceTree = "<group>"; };
		A0066A8E218D41610019EFF8 /* Review.swift */ = {isa = PBXFileReference; lastKnownFileType = sourcecode.swift; path = Review.swift; sourceTree = "<group>"; };
		A0066A90218D41760019EFF8 /* User.swift */ = {isa = PBXFileReference; lastKnownFileType = sourcecode.swift; path = User.swift; sourceTree = "<group>"; };
		A0066A93218DFD7F0019EFF8 /* AuthService.swift */ = {isa = PBXFileReference; lastKnownFileType = sourcecode.swift; path = AuthService.swift; sourceTree = "<group>"; };
		A0066A97218DFE040019EFF8 /* KeyChainAccess.swift */ = {isa = PBXFileReference; lastKnownFileType = sourcecode.swift; path = KeyChainAccess.swift; sourceTree = "<group>"; };
		A0066A99218DFE730019EFF8 /* Constants.swift */ = {isa = PBXFileReference; lastKnownFileType = sourcecode.swift; path = Constants.swift; sourceTree = "<group>"; };
		A0066A9B218E0B030019EFF8 /* LoginController.swift */ = {isa = PBXFileReference; lastKnownFileType = sourcecode.swift; path = LoginController.swift; sourceTree = "<group>"; };
		A0318B612192388C00AB6EB6 /* MyProfileController.swift */ = {isa = PBXFileReference; lastKnownFileType = sourcecode.swift; path = MyProfileController.swift; sourceTree = "<group>"; };
		A0318B63219247D900AB6EB6 /* UserSearchCell.swift */ = {isa = PBXFileReference; lastKnownFileType = sourcecode.swift; path = UserSearchCell.swift; sourceTree = "<group>"; };
		A0318B662192953200AB6EB6 /* UserProfileController.swift */ = {isa = PBXFileReference; lastKnownFileType = sourcecode.swift; path = UserProfileController.swift; sourceTree = "<group>"; };
		A0318B6821937A9500AB6EB6 /* WriteReviewController.swift */ = {isa = PBXFileReference; lastKnownFileType = sourcecode.swift; path = WriteReviewController.swift; sourceTree = "<group>"; };
		A0318B6A21949A4E00AB6EB6 /* UserProfileHeader.swift */ = {isa = PBXFileReference; lastKnownFileType = sourcecode.swift; path = UserProfileHeader.swift; sourceTree = "<group>"; };
		A0318B6D21951A5C00AB6EB6 /* ReviewCell.swift */ = {isa = PBXFileReference; lastKnownFileType = sourcecode.swift; path = ReviewCell.swift; sourceTree = "<group>"; };
		A036309621B0799E000C9520 /* ApiService.swift */ = {isa = PBXFileReference; lastKnownFileType = sourcecode.swift; path = ApiService.swift; sourceTree = "<group>"; };
		A036309821B0B84C000C9520 /* Helpers.swift */ = {isa = PBXFileReference; lastKnownFileType = sourcecode.swift; path = Helpers.swift; sourceTree = "<group>"; };
		A045B4E2219CBFF4002B16FA /* HomeController.swift */ = {isa = PBXFileReference; lastKnownFileType = sourcecode.swift; path = HomeController.swift; sourceTree = "<group>"; };
		A045B4E6219CEEF3002B16FA /* SF-Pro-Text-Regular.otf */ = {isa = PBXFileReference; lastKnownFileType = file; path = "SF-Pro-Text-Regular.otf"; sourceTree = "<group>"; };
		A045B4E7219CEEF4002B16FA /* SF-Pro-Text-HeavyItalic.otf */ = {isa = PBXFileReference; lastKnownFileType = file; path = "SF-Pro-Text-HeavyItalic.otf"; sourceTree = "<group>"; };
		A045B4E8219CEEF4002B16FA /* SF-Pro-Text-Heavy.otf */ = {isa = PBXFileReference; lastKnownFileType = file; path = "SF-Pro-Text-Heavy.otf"; sourceTree = "<group>"; };
		A045B4E9219CEEF4002B16FA /* SF-Pro-Text-Light.otf */ = {isa = PBXFileReference; lastKnownFileType = file; path = "SF-Pro-Text-Light.otf"; sourceTree = "<group>"; };
		A045B4EA219CEEF5002B16FA /* SF-Pro-Display-Black.otf */ = {isa = PBXFileReference; lastKnownFileType = file; path = "SF-Pro-Display-Black.otf"; sourceTree = "<group>"; };
		A045B4EB219CEEF5002B16FA /* SF-Pro-Display-Medium.otf */ = {isa = PBXFileReference; lastKnownFileType = file; path = "SF-Pro-Display-Medium.otf"; sourceTree = "<group>"; };
		A045B4EC219CEEF5002B16FA /* SF-Pro-Display-Ultralight.otf */ = {isa = PBXFileReference; lastKnownFileType = file; path = "SF-Pro-Display-Ultralight.otf"; sourceTree = "<group>"; };
		A045B4ED219CEEF6002B16FA /* SF-Pro-Text-LightItalic.otf */ = {isa = PBXFileReference; lastKnownFileType = file; path = "SF-Pro-Text-LightItalic.otf"; sourceTree = "<group>"; };
		A045B4EE219CEEF6002B16FA /* SF-Pro-Display-LightItalic.otf */ = {isa = PBXFileReference; lastKnownFileType = file; path = "SF-Pro-Display-LightItalic.otf"; sourceTree = "<group>"; };
		A045B4EF219CEEF6002B16FA /* SF-Pro-Text-BoldItalic.otf */ = {isa = PBXFileReference; lastKnownFileType = file; path = "SF-Pro-Text-BoldItalic.otf"; sourceTree = "<group>"; };
		A045B4F0219CEEF7002B16FA /* SF-Pro-Display-SemiboldItalic.otf */ = {isa = PBXFileReference; lastKnownFileType = file; path = "SF-Pro-Display-SemiboldItalic.otf"; sourceTree = "<group>"; };
		A045B4F1219CEEF7002B16FA /* SF-Pro-Display-MediumItalic.otf */ = {isa = PBXFileReference; lastKnownFileType = file; path = "SF-Pro-Display-MediumItalic.otf"; sourceTree = "<group>"; };
		A045B4F2219CEEF7002B16FA /* SF-Pro-Display-Semibold.otf */ = {isa = PBXFileReference; lastKnownFileType = file; path = "SF-Pro-Display-Semibold.otf"; sourceTree = "<group>"; };
		A045B4F3219CEEF8002B16FA /* SF-Pro-Text-MediumItalic.otf */ = {isa = PBXFileReference; lastKnownFileType = file; path = "SF-Pro-Text-MediumItalic.otf"; sourceTree = "<group>"; };
		A045B4F4219CEEF8002B16FA /* SF-Pro-Display-Light.otf */ = {isa = PBXFileReference; lastKnownFileType = file; path = "SF-Pro-Display-Light.otf"; sourceTree = "<group>"; };
		A045B4F5219CEEF8002B16FA /* SF-Pro-Text-RegularItalic.otf */ = {isa = PBXFileReference; lastKnownFileType = file; path = "SF-Pro-Text-RegularItalic.otf"; sourceTree = "<group>"; };
		A045B4F6219CEEF9002B16FA /* SF-Pro-Text-Bold.otf */ = {isa = PBXFileReference; lastKnownFileType = file; path = "SF-Pro-Text-Bold.otf"; sourceTree = "<group>"; };
		A045B4F7219CEEF9002B16FA /* SF-Pro-Text-SemiboldItalic.otf */ = {isa = PBXFileReference; lastKnownFileType = file; path = "SF-Pro-Text-SemiboldItalic.otf"; sourceTree = "<group>"; };
		A045B4F8219CEEF9002B16FA /* SF-Pro-Display-Regular.otf */ = {isa = PBXFileReference; lastKnownFileType = file; path = "SF-Pro-Display-Regular.otf"; sourceTree = "<group>"; };
		A045B4F9219CEEFA002B16FA /* SF-Pro-Display-ThinItalic.otf */ = {isa = PBXFileReference; lastKnownFileType = file; path = "SF-Pro-Display-ThinItalic.otf"; sourceTree = "<group>"; };
		A045B4FA219CEEFA002B16FA /* SF-Pro-Display-UltralightItalic.otf */ = {isa = PBXFileReference; lastKnownFileType = file; path = "SF-Pro-Display-UltralightItalic.otf"; sourceTree = "<group>"; };
		A045B4FB219CEEFA002B16FA /* SF-Pro-Display-Thin.otf */ = {isa = PBXFileReference; lastKnownFileType = file; path = "SF-Pro-Display-Thin.otf"; sourceTree = "<group>"; };
		A045B4FC219CEEFB002B16FA /* SF-Pro-Display-BlackItalic.otf */ = {isa = PBXFileReference; lastKnownFileType = file; path = "SF-Pro-Display-BlackItalic.otf"; sourceTree = "<group>"; };
		A045B4FD219CEEFB002B16FA /* SF-Pro-Display-Bold.otf */ = {isa = PBXFileReference; lastKnownFileType = file; path = "SF-Pro-Display-Bold.otf"; sourceTree = "<group>"; };
		A045B4FE219CEEFB002B16FA /* SF-Pro-Display-HeavyItalic.otf */ = {isa = PBXFileReference; lastKnownFileType = file; path = "SF-Pro-Display-HeavyItalic.otf"; sourceTree = "<group>"; };
		A045B4FF219CEEFC002B16FA /* SF-Pro-Text-Medium.otf */ = {isa = PBXFileReference; lastKnownFileType = file; path = "SF-Pro-Text-Medium.otf"; sourceTree = "<group>"; };
		A045B500219CEEFC002B16FA /* SF-Pro-Display-RegularItalic.otf */ = {isa = PBXFileReference; lastKnownFileType = file; path = "SF-Pro-Display-RegularItalic.otf"; sourceTree = "<group>"; };
		A045B501219CEEFD002B16FA /* SF-Pro-Text-Semibold.otf */ = {isa = PBXFileReference; lastKnownFileType = file; path = "SF-Pro-Text-Semibold.otf"; sourceTree = "<group>"; };
		A045B502219CEEFD002B16FA /* SF-Pro-Display-Heavy.otf */ = {isa = PBXFileReference; lastKnownFileType = file; path = "SF-Pro-Display-Heavy.otf"; sourceTree = "<group>"; };
		A045B503219CEEFE002B16FA /* SF-Pro-Display-BoldItalic.otf */ = {isa = PBXFileReference; lastKnownFileType = file; path = "SF-Pro-Display-BoldItalic.otf"; sourceTree = "<group>"; };
		A045B522219D0A44002B16FA /* SFCompactDisplay-Regular.otf */ = {isa = PBXFileReference; lastKnownFileType = file; path = "SFCompactDisplay-Regular.otf"; sourceTree = "<group>"; };
		A045B523219D0A44002B16FA /* SFCompactText-Regular.otf */ = {isa = PBXFileReference; lastKnownFileType = file; path = "SFCompactText-Regular.otf"; sourceTree = "<group>"; };
		A045B526219D0D46002B16FA /* SF-Pro-Display-Regular.otf */ = {isa = PBXFileReference; lastKnownFileType = file; name = "SF-Pro-Display-Regular.otf"; path = "../../../../../Downloads/SF Pro/SF-Pro-Display-Regular.otf"; sourceTree = "<group>"; };
		A045B528219D1BE6002B16FA /* SFCompactDisplay-Medium.otf */ = {isa = PBXFileReference; lastKnownFileType = file; path = "SFCompactDisplay-Medium.otf"; sourceTree = "<group>"; };
		A045B529219D1BE7002B16FA /* SFCompactDisplay-Ultralight.otf */ = {isa = PBXFileReference; lastKnownFileType = file; path = "SFCompactDisplay-Ultralight.otf"; sourceTree = "<group>"; };
		A045B52A219D1BE8002B16FA /* SFCompactText-Medium.otf */ = {isa = PBXFileReference; lastKnownFileType = file; path = "SFCompactText-Medium.otf"; sourceTree = "<group>"; };
		A045B52B219D1BE8002B16FA /* SFCompactText-MediumItalic.otf */ = {isa = PBXFileReference; lastKnownFileType = file; path = "SFCompactText-MediumItalic.otf"; sourceTree = "<group>"; };
		A045B52C219D1BE9002B16FA /* SFCompactDisplay-Thin.otf */ = {isa = PBXFileReference; lastKnownFileType = file; path = "SFCompactDisplay-Thin.otf"; sourceTree = "<group>"; };
		A045B52D219D1BEA002B16FA /* SFCompactText-Heavy.otf */ = {isa = PBXFileReference; lastKnownFileType = file; path = "SFCompactText-Heavy.otf"; sourceTree = "<group>"; };
		A045B52E219D1BEA002B16FA /* SFCompactText-Bold.otf */ = {isa = PBXFileReference; lastKnownFileType = file; path = "SFCompactText-Bold.otf"; sourceTree = "<group>"; };
		A045B52F219D1BEB002B16FA /* SFCompactText-RegularItalic.otf */ = {isa = PBXFileReference; lastKnownFileType = file; path = "SFCompactText-RegularItalic.otf"; sourceTree = "<group>"; };
		A045B530219D1BEC002B16FA /* SFCompactDisplay-Light.otf */ = {isa = PBXFileReference; lastKnownFileType = file; path = "SFCompactDisplay-Light.otf"; sourceTree = "<group>"; };
		A045B531219D1BEC002B16FA /* SFCompactText-BoldItalic.otf */ = {isa = PBXFileReference; lastKnownFileType = file; path = "SFCompactText-BoldItalic.otf"; sourceTree = "<group>"; };
		A045B532219D1BED002B16FA /* SFCompactDisplay-Black.otf */ = {isa = PBXFileReference; lastKnownFileType = file; path = "SFCompactDisplay-Black.otf"; sourceTree = "<group>"; };
		A045B533219D1BEE002B16FA /* SFCompactDisplay-Heavy.otf */ = {isa = PBXFileReference; lastKnownFileType = file; path = "SFCompactDisplay-Heavy.otf"; sourceTree = "<group>"; };
		A045B534219D1BEF002B16FA /* SFCompactDisplay-Semibold.otf */ = {isa = PBXFileReference; lastKnownFileType = file; path = "SFCompactDisplay-Semibold.otf"; sourceTree = "<group>"; };
		A045B535219D1BEF002B16FA /* SFCompactText-SemiboldItalic.otf */ = {isa = PBXFileReference; lastKnownFileType = file; path = "SFCompactText-SemiboldItalic.otf"; sourceTree = "<group>"; };
		A045B536219D1BF0002B16FA /* SFCompactText-Light.otf */ = {isa = PBXFileReference; lastKnownFileType = file; path = "SFCompactText-Light.otf"; sourceTree = "<group>"; };
		A045B537219D1BF1002B16FA /* SFCompactText-Semibold.otf */ = {isa = PBXFileReference; lastKnownFileType = file; path = "SFCompactText-Semibold.otf"; sourceTree = "<group>"; };
		A045B538219D1BF2002B16FA /* SFCompactText-HeavyItalic.otf */ = {isa = PBXFileReference; lastKnownFileType = file; path = "SFCompactText-HeavyItalic.otf"; sourceTree = "<group>"; };
		A045B539219D1BF3002B16FA /* SFCompactDisplay-Bold.otf */ = {isa = PBXFileReference; lastKnownFileType = file; path = "SFCompactDisplay-Bold.otf"; sourceTree = "<group>"; };
		A045B53A219D1BF3002B16FA /* SFCompactText-LightItalic.otf */ = {isa = PBXFileReference; lastKnownFileType = file; path = "SFCompactText-LightItalic.otf"; sourceTree = "<group>"; };
		A045B54E219DCD24002B16FA /* SF-UI-Display-Medium.otf */ = {isa = PBXFileReference; lastKnownFileType = file; path = "SF-UI-Display-Medium.otf"; sourceTree = "<group>"; };
		A045B54F219DCD27002B16FA /* SF-UI-Display-Light.otf */ = {isa = PBXFileReference; lastKnownFileType = file; path = "SF-UI-Display-Light.otf"; sourceTree = "<group>"; };
		A045B550219DCD28002B16FA /* SF-UI-Display-Bold.otf */ = {isa = PBXFileReference; lastKnownFileType = file; path = "SF-UI-Display-Bold.otf"; sourceTree = "<group>"; };
		A045B551219DCD29002B16FA /* SF-UI-Display-Thin.otf */ = {isa = PBXFileReference; lastKnownFileType = file; path = "SF-UI-Display-Thin.otf"; sourceTree = "<group>"; };
		A045B552219DCD2A002B16FA /* SF-UI-Display-Semibold.otf */ = {isa = PBXFileReference; lastKnownFileType = file; path = "SF-UI-Display-Semibold.otf"; sourceTree = "<group>"; };
		A045B553219DCD2A002B16FA /* SF-UI-Display-Regular.otf */ = {isa = PBXFileReference; lastKnownFileType = file; path = "SF-UI-Display-Regular.otf"; sourceTree = "<group>"; };
		A045B55C219F53D4002B16FA /* Value.entitlements */ = {isa = PBXFileReference; lastKnownFileType = text.plist.entitlements; path = Value.entitlements; sourceTree = "<group>"; };
		A045B55D219F5F30002B16FA /* GoogleService-Info.plist */ = {isa = PBXFileReference; fileEncoding = 4; lastKnownFileType = text.plist.xml; path = "GoogleService-Info.plist"; sourceTree = "<group>"; };
		A045B55F21A05D35002B16FA /* SignUpController.swift */ = {isa = PBXFileReference; lastKnownFileType = sourcecode.swift; path = SignUpController.swift; sourceTree = "<group>"; };
		A045B56121A1DA62002B16FA /* EditProfileController.swift */ = {isa = PBXFileReference; lastKnownFileType = sourcecode.swift; path = EditProfileController.swift; sourceTree = "<group>"; };
		A045B56F21A78755002B16FA /* NSData+Base64.h */ = {isa = PBXFileReference; fileEncoding = 4; lastKnownFileType = sourcecode.c.h; path = "NSData+Base64.h"; sourceTree = "<group>"; };
		A045B57021A78755002B16FA /* NSData+CommonCrypto.m */ = {isa = PBXFileReference; fileEncoding = 4; lastKnownFileType = sourcecode.c.objc; path = "NSData+CommonCrypto.m"; sourceTree = "<group>"; };
		A045B57121A78755002B16FA /* NSString+Base64.m */ = {isa = PBXFileReference; fileEncoding = 4; lastKnownFileType = sourcecode.c.objc; path = "NSString+Base64.m"; sourceTree = "<group>"; };
		A045B57221A78755002B16FA /* AESCrypt.h */ = {isa = PBXFileReference; fileEncoding = 4; lastKnownFileType = sourcecode.c.h; path = AESCrypt.h; sourceTree = "<group>"; };
		A045B57321A78755002B16FA /* AESCrypt.m */ = {isa = PBXFileReference; fileEncoding = 4; lastKnownFileType = sourcecode.c.objc; path = AESCrypt.m; sourceTree = "<group>"; };
		A045B57421A78756002B16FA /* NSString+Base64.h */ = {isa = PBXFileReference; fileEncoding = 4; lastKnownFileType = sourcecode.c.h; path = "NSString+Base64.h"; sourceTree = "<group>"; };
		A045B57521A78756002B16FA /* NSData+Base64.m */ = {isa = PBXFileReference; fileEncoding = 4; lastKnownFileType = sourcecode.c.objc; path = "NSData+Base64.m"; sourceTree = "<group>"; };
		A045B57621A78756002B16FA /* NSData+CommonCrypto.h */ = {isa = PBXFileReference; fileEncoding = 4; lastKnownFileType = sourcecode.c.h; path = "NSData+CommonCrypto.h"; sourceTree = "<group>"; };
		A045B57B21A787AC002B16FA /* friends.jpg */ = {isa = PBXFileReference; lastKnownFileType = image.jpeg; path = friends.jpg; sourceTree = "<group>"; };
		A074587021BB2B7F00D3E483 /* AdminSideMenu.swift */ = {isa = PBXFileReference; lastKnownFileType = sourcecode.swift; path = AdminSideMenu.swift; sourceTree = "<group>"; };
		A074587221BB2EA000D3E483 /* AdminSideMenuCell.swift */ = {isa = PBXFileReference; lastKnownFileType = sourcecode.swift; path = AdminSideMenuCell.swift; sourceTree = "<group>"; };
		A074587521BB5F7E00D3E483 /* Metric1.swift */ = {isa = PBXFileReference; lastKnownFileType = sourcecode.swift; path = Metric1.swift; sourceTree = "<group>"; };
		A074587921BC3F2B00D3E483 /* AdminLoginController.swift */ = {isa = PBXFileReference; lastKnownFileType = sourcecode.swift; path = AdminLoginController.swift; sourceTree = "<group>"; };
		A074587B21BC5A0500D3E483 /* AdminMainViewController.swift */ = {isa = PBXFileReference; lastKnownFileType = sourcecode.swift; path = AdminMainViewController.swift; sourceTree = "<group>"; };
		A074587D21BC82BE00D3E483 /* MainViewController.swift */ = {isa = PBXFileReference; lastKnownFileType = sourcecode.swift; path = MainViewController.swift; sourceTree = "<group>"; };
		B39DDA6699FBD0D8B584936D /* Pods_Value.framework */ = {isa = PBXFileReference; explicitFileType = wrapper.framework; includeInIndex = 0; path = Pods_Value.framework; sourceTree = BUILT_PRODUCTS_DIR; };
		E9A13A9EA47C7CE9CC8C8CF1 /* Pods-Value.release.xcconfig */ = {isa = PBXFileReference; includeInIndex = 1; lastKnownFileType = text.xcconfig; name = "Pods-Value.release.xcconfig"; path = "Pods/Target Support Files/Pods-Value/Pods-Value.release.xcconfig"; sourceTree = "<group>"; };
		E9CD99A0CED2961A54737003 /* Pods-Value.debug.xcconfig */ = {isa = PBXFileReference; includeInIndex = 1; lastKnownFileType = text.xcconfig; name = "Pods-Value.debug.xcconfig"; path = "Pods/Target Support Files/Pods-Value/Pods-Value.debug.xcconfig"; sourceTree = "<group>"; };
/* End PBXFileReference section */

/* Begin PBXFrameworksBuildPhase section */
		A0066A57218CDDA30019EFF8 /* Frameworks */ = {
			isa = PBXFrameworksBuildPhase;
			buildActionMask = 2147483647;
			files = (
				F296AA838FC7ED9CF2E078F2 /* Pods_Value.framework in Frameworks */,
			);
			runOnlyForDeploymentPostprocessing = 0;
		};
/* End PBXFrameworksBuildPhase section */

/* Begin PBXGroup section */
		91120012FA83508388191CE1 /* Frameworks */ = {
			isa = PBXGroup;
			children = (
				B39DDA6699FBD0D8B584936D /* Pods_Value.framework */,
			);
			name = Frameworks;
			sourceTree = "<group>";
		};
		A0066A51218CDDA20019EFF8 = {
			isa = PBXGroup;
			children = (
				A0066A5C218CDDA30019EFF8 /* Value */,
				A0066A5B218CDDA30019EFF8 /* Products */,
				A62F485C0932D48F23A5C549 /* Pods */,
				91120012FA83508388191CE1 /* Frameworks */,
			);
			sourceTree = "<group>";
		};
		A0066A5B218CDDA30019EFF8 /* Products */ = {
			isa = PBXGroup;
			children = (
				A0066A5A218CDDA30019EFF8 /* Value.app */,
			);
			name = Products;
			sourceTree = "<group>";
		};
		A0066A5C218CDDA30019EFF8 /* Value */ = {
			isa = PBXGroup;
			children = (
				A045B55C219F53D4002B16FA /* Value.entitlements */,
				A0066A69218CDDA80019EFF8 /* Info.plist */,
				A074587821BC384200D3E483 /* Admin */,
				A074587721BC383300D3E483 /* Employee */,
				A0066A92218DFD730019EFF8 /* Services */,
				A0066A8D218D414F0019EFF8 /* Models */,
				A0066A6F218CDFD20019EFF8 /* Supporting files */,
				A0066A61218CDDA30019EFF8 /* Main.storyboard */,
				A0066A64218CDDA80019EFF8 /* Assets.xcassets */,
				A0066A66218CDDA80019EFF8 /* LaunchScreen.storyboard */,
				A074587D21BC82BE00D3E483 /* MainViewController.swift */,
			);
			path = Value;
			sourceTree = "<group>";
		};
		A0066A6F218CDFD20019EFF8 /* Supporting files */ = {
			isa = PBXGroup;
			children = (
				A0066A86218D03F80019EFF8 /* Utils */,
				A045B56E21A7872C002B16FA /* AESCrypt */,
				A045B57B21A787AC002B16FA /* friends.jpg */,
				A045B4E5219CEEAE002B16FA /* Fonts */,
				A0066A5D218CDDA30019EFF8 /* AppDelegate.swift */,
				A045B55D219F5F30002B16FA /* GoogleService-Info.plist */,
				A0066A70218CE0810019EFF8 /* Value-Bridging-Header.h */,
				A0066A97218DFE040019EFF8 /* KeyChainAccess.swift */,
				A0066A99218DFE730019EFF8 /* Constants.swift */,
			);
			path = "Supporting files";
			sourceTree = "<group>";
		};
		A0066A86218D03F80019EFF8 /* Utils */ = {
			isa = PBXGroup;
			children = (
				A0066A87218D04080019EFF8 /* Extensions.swift */,
				A0066A89218D3DAE0019EFF8 /* CustomImageView.swift */,
				A0066A8B218D3E2A0019EFF8 /* Reachability.swift */,
				A036309821B0B84C000C9520 /* Helpers.swift */,
			);
			path = Utils;
			sourceTree = "<group>";
		};
		A0066A8D218D414F0019EFF8 /* Models */ = {
			isa = PBXGroup;
			children = (
				A0066A8E218D41610019EFF8 /* Review.swift */,
				A0066A90218D41760019EFF8 /* User.swift */,
			);
			path = Models;
			sourceTree = "<group>";
		};
		A0066A92218DFD730019EFF8 /* Services */ = {
			isa = PBXGroup;
			children = (
				A0066A93218DFD7F0019EFF8 /* AuthService.swift */,
				A036309621B0799E000C9520 /* ApiService.swift */,
			);
			path = Services;
			sourceTree = "<group>";
		};
		A0318B652192480800AB6EB6 /* Search */ = {
			isa = PBXGroup;
			children = (
				A0066A82218D01770019EFF8 /* UserSearchController.swift */,
				A0318B63219247D900AB6EB6 /* UserSearchCell.swift */,
			);
			path = Search;
			sourceTree = "<group>";
		};
		A0318B6C21949B7000AB6EB6 /* UserProfile */ = {
			isa = PBXGroup;
			children = (
				A0318B662192953200AB6EB6 /* UserProfileController.swift */,
				A0318B612192388C00AB6EB6 /* MyProfileController.swift */,
				A0318B6A21949A4E00AB6EB6 /* UserProfileHeader.swift */,
				A0318B6D21951A5C00AB6EB6 /* ReviewCell.swift */,
				A045B56121A1DA62002B16FA /* EditProfileController.swift */,
			);
			path = UserProfile;
			sourceTree = "<group>";
		};
		A0318B732197A48D00AB6EB6 /* WriteReview */ = {
			isa = PBXGroup;
			children = (
				A0318B6821937A9500AB6EB6 /* WriteReviewController.swift */,
			);
			path = WriteReview;
			sourceTree = "<group>";
		};
		A045B4E4219CC01A002B16FA /* Home */ = {
			isa = PBXGroup;
			children = (
				A045B4E2219CBFF4002B16FA /* HomeController.swift */,
			);
			path = Home;
			sourceTree = "<group>";
		};
		A045B4E5219CEEAE002B16FA /* Fonts */ = {
			isa = PBXGroup;
			children = (
				A045B550219DCD28002B16FA /* SF-UI-Display-Bold.otf */,
				A045B54F219DCD27002B16FA /* SF-UI-Display-Light.otf */,
				A045B54E219DCD24002B16FA /* SF-UI-Display-Medium.otf */,
				A045B553219DCD2A002B16FA /* SF-UI-Display-Regular.otf */,
				A045B552219DCD2A002B16FA /* SF-UI-Display-Semibold.otf */,
				A045B551219DCD29002B16FA /* SF-UI-Display-Thin.otf */,
				A045B532219D1BED002B16FA /* SFCompactDisplay-Black.otf */,
				A045B539219D1BF3002B16FA /* SFCompactDisplay-Bold.otf */,
				A045B533219D1BEE002B16FA /* SFCompactDisplay-Heavy.otf */,
				A045B530219D1BEC002B16FA /* SFCompactDisplay-Light.otf */,
				A045B528219D1BE6002B16FA /* SFCompactDisplay-Medium.otf */,
				A045B534219D1BEF002B16FA /* SFCompactDisplay-Semibold.otf */,
				A045B52C219D1BE9002B16FA /* SFCompactDisplay-Thin.otf */,
				A045B529219D1BE7002B16FA /* SFCompactDisplay-Ultralight.otf */,
				A045B52E219D1BEA002B16FA /* SFCompactText-Bold.otf */,
				A045B531219D1BEC002B16FA /* SFCompactText-BoldItalic.otf */,
				A045B52D219D1BEA002B16FA /* SFCompactText-Heavy.otf */,
				A045B538219D1BF2002B16FA /* SFCompactText-HeavyItalic.otf */,
				A045B536219D1BF0002B16FA /* SFCompactText-Light.otf */,
				A045B53A219D1BF3002B16FA /* SFCompactText-LightItalic.otf */,
				A045B52A219D1BE8002B16FA /* SFCompactText-Medium.otf */,
				A045B52B219D1BE8002B16FA /* SFCompactText-MediumItalic.otf */,
				A045B52F219D1BEB002B16FA /* SFCompactText-RegularItalic.otf */,
				A045B537219D1BF1002B16FA /* SFCompactText-Semibold.otf */,
				A045B535219D1BEF002B16FA /* SFCompactText-SemiboldItalic.otf */,
				A045B526219D0D46002B16FA /* SF-Pro-Display-Regular.otf */,
				A045B522219D0A44002B16FA /* SFCompactDisplay-Regular.otf */,
				A045B523219D0A44002B16FA /* SFCompactText-Regular.otf */,
				A045B4EA219CEEF5002B16FA /* SF-Pro-Display-Black.otf */,
				A045B4FC219CEEFB002B16FA /* SF-Pro-Display-BlackItalic.otf */,
				A045B4FD219CEEFB002B16FA /* SF-Pro-Display-Bold.otf */,
				A045B503219CEEFE002B16FA /* SF-Pro-Display-BoldItalic.otf */,
				A045B502219CEEFD002B16FA /* SF-Pro-Display-Heavy.otf */,
				A045B4FE219CEEFB002B16FA /* SF-Pro-Display-HeavyItalic.otf */,
				A045B4F4219CEEF8002B16FA /* SF-Pro-Display-Light.otf */,
				A045B4EE219CEEF6002B16FA /* SF-Pro-Display-LightItalic.otf */,
				A045B4EB219CEEF5002B16FA /* SF-Pro-Display-Medium.otf */,
				A045B4F1219CEEF7002B16FA /* SF-Pro-Display-MediumItalic.otf */,
				A045B4F8219CEEF9002B16FA /* SF-Pro-Display-Regular.otf */,
				A045B500219CEEFC002B16FA /* SF-Pro-Display-RegularItalic.otf */,
				A045B4F2219CEEF7002B16FA /* SF-Pro-Display-Semibold.otf */,
				A045B4F0219CEEF7002B16FA /* SF-Pro-Display-SemiboldItalic.otf */,
				A045B4FB219CEEFA002B16FA /* SF-Pro-Display-Thin.otf */,
				A045B4F9219CEEFA002B16FA /* SF-Pro-Display-ThinItalic.otf */,
				A045B4EC219CEEF5002B16FA /* SF-Pro-Display-Ultralight.otf */,
				A045B4FA219CEEFA002B16FA /* SF-Pro-Display-UltralightItalic.otf */,
				A045B4F6219CEEF9002B16FA /* SF-Pro-Text-Bold.otf */,
				A045B4EF219CEEF6002B16FA /* SF-Pro-Text-BoldItalic.otf */,
				A045B4E8219CEEF4002B16FA /* SF-Pro-Text-Heavy.otf */,
				A045B4E7219CEEF4002B16FA /* SF-Pro-Text-HeavyItalic.otf */,
				A045B4E9219CEEF4002B16FA /* SF-Pro-Text-Light.otf */,
				A045B4ED219CEEF6002B16FA /* SF-Pro-Text-LightItalic.otf */,
				A045B4FF219CEEFC002B16FA /* SF-Pro-Text-Medium.otf */,
				A045B4F3219CEEF8002B16FA /* SF-Pro-Text-MediumItalic.otf */,
				A045B4E6219CEEF3002B16FA /* SF-Pro-Text-Regular.otf */,
				A045B4F5219CEEF8002B16FA /* SF-Pro-Text-RegularItalic.otf */,
				A045B501219CEEFD002B16FA /* SF-Pro-Text-Semibold.otf */,
				A045B4F7219CEEF9002B16FA /* SF-Pro-Text-SemiboldItalic.otf */,
			);
			path = Fonts;
			sourceTree = "<group>";
		};
		A045B56E21A7872C002B16FA /* AESCrypt */ = {
			isa = PBXGroup;
			children = (
				A045B57221A78755002B16FA /* AESCrypt.h */,
				A045B57321A78755002B16FA /* AESCrypt.m */,
				A045B56F21A78755002B16FA /* NSData+Base64.h */,
				A045B57521A78756002B16FA /* NSData+Base64.m */,
				A045B57621A78756002B16FA /* NSData+CommonCrypto.h */,
				A045B57021A78755002B16FA /* NSData+CommonCrypto.m */,
				A045B57421A78756002B16FA /* NSString+Base64.h */,
				A045B57121A78755002B16FA /* NSString+Base64.m */,
			);
			path = AESCrypt;
			sourceTree = "<group>";
		};
		A074587421BB2EAA00D3E483 /* AdminSideMenu */ = {
			isa = PBXGroup;
			children = (
				A074587021BB2B7F00D3E483 /* AdminSideMenu.swift */,
				A074587221BB2EA000D3E483 /* AdminSideMenuCell.swift */,
				A074587521BB5F7E00D3E483 /* Metric1.swift */,
			);
			path = AdminSideMenu;
			sourceTree = "<group>";
		};
		A074587721BC383300D3E483 /* Employee */ = {
			isa = PBXGroup;
			children = (
				A0066A7E218D002D0019EFF8 /* MainTabBarController.swift */,
				A0318B652192480800AB6EB6 /* Search */,
				A0066A9B218E0B030019EFF8 /* LoginController.swift */,
				A045B4E4219CC01A002B16FA /* Home */,
				A0318B6C21949B7000AB6EB6 /* UserProfile */,
				A0318B732197A48D00AB6EB6 /* WriteReview */,
				A045B55F21A05D35002B16FA /* SignUpController.swift */,
			);
			path = Employee;
			sourceTree = "<group>";
		};
		A074587821BC384200D3E483 /* Admin */ = {
			isa = PBXGroup;
			children = (
				A074587421BB2EAA00D3E483 /* AdminSideMenu */,
				A074587921BC3F2B00D3E483 /* AdminLoginController.swift */,
				A074587B21BC5A0500D3E483 /* AdminMainViewController.swift */,
			);
			path = Admin;
			sourceTree = "<group>";
		};
		A62F485C0932D48F23A5C549 /* Pods */ = {
			isa = PBXGroup;
			children = (
				E9CD99A0CED2961A54737003 /* Pods-Value.debug.xcconfig */,
				E9A13A9EA47C7CE9CC8C8CF1 /* Pods-Value.release.xcconfig */,
			);
			name = Pods;
			sourceTree = "<group>";
		};
/* End PBXGroup section */

/* Begin PBXNativeTarget section */
		A0066A59218CDDA30019EFF8 /* Value */ = {
			isa = PBXNativeTarget;
			buildConfigurationList = A0066A6C218CDDA80019EFF8 /* Build configuration list for PBXNativeTarget "Value" */;
			buildPhases = (
				54061DA80858E6A3995FEF3F /* [CP] Check Pods Manifest.lock */,
				A0066A56218CDDA30019EFF8 /* Sources */,
				A0066A57218CDDA30019EFF8 /* Frameworks */,
				A0066A58218CDDA30019EFF8 /* Resources */,
				C945A34AF5544462C615141F /* [CP] Embed Pods Frameworks */,
			);
			buildRules = (
			);
			dependencies = (
			);
			name = Value;
			productName = Value;
			productReference = A0066A5A218CDDA30019EFF8 /* Value.app */;
			productType = "com.apple.product-type.application";
		};
/* End PBXNativeTarget section */

/* Begin PBXProject section */
		A0066A52218CDDA20019EFF8 /* Project object */ = {
			isa = PBXProject;
			attributes = {
				LastSwiftUpdateCheck = 0940;
				LastUpgradeCheck = 0940;
				ORGANIZATIONNAME = OmarTorres;
				TargetAttributes = {
					A0066A59218CDDA30019EFF8 = {
						CreatedOnToolsVersion = 9.4.1;
						SystemCapabilities = {
							com.apple.Push = {
								enabled = 1;
							};
						};
					};
				};
			};
			buildConfigurationList = A0066A55218CDDA20019EFF8 /* Build configuration list for PBXProject "Value" */;
			compatibilityVersion = "Xcode 9.3";
			developmentRegion = en;
			hasScannedForEncodings = 0;
			knownRegions = (
				en,
				Base,
			);
			mainGroup = A0066A51218CDDA20019EFF8;
			productRefGroup = A0066A5B218CDDA30019EFF8 /* Products */;
			projectDirPath = "";
			projectRoot = "";
			targets = (
				A0066A59218CDDA30019EFF8 /* Value */,
			);
		};
/* End PBXProject section */

/* Begin PBXResourcesBuildPhase section */
		A0066A58218CDDA30019EFF8 /* Resources */ = {
			isa = PBXResourcesBuildPhase;
			buildActionMask = 2147483647;
			files = (
				A0066A68218CDDA80019EFF8 /* LaunchScreen.storyboard in Resources */,
				A045B504219CEEFE002B16FA /* SF-Pro-Text-Regular.otf in Resources */,
				A045B51E219CEEFE002B16FA /* SF-Pro-Display-RegularItalic.otf in Resources */,
				A045B513219CEEFE002B16FA /* SF-Pro-Text-RegularItalic.otf in Resources */,
				A045B557219DCD2B002B16FA /* SF-UI-Display-Thin.otf in Resources */,
				A045B521219CEEFE002B16FA /* SF-Pro-Display-BoldItalic.otf in Resources */,
				A045B544219D1BF4002B16FA /* SFCompactText-BoldItalic.otf in Resources */,
				A045B508219CEEFE002B16FA /* SF-Pro-Display-Black.otf in Resources */,
				A045B555219DCD2B002B16FA /* SF-UI-Display-Light.otf in Resources */,
				A045B540219D1BF4002B16FA /* SFCompactText-Heavy.otf in Resources */,
				A045B546219D1BF4002B16FA /* SFCompactDisplay-Heavy.otf in Resources */,
				A045B51A219CEEFE002B16FA /* SF-Pro-Display-BlackItalic.otf in Resources */,
				A045B518219CEEFE002B16FA /* SF-Pro-Display-UltralightItalic.otf in Resources */,
				A045B517219CEEFE002B16FA /* SF-Pro-Display-ThinItalic.otf in Resources */,
				A045B556219DCD2B002B16FA /* SF-UI-Display-Bold.otf in Resources */,
				A045B519219CEEFE002B16FA /* SF-Pro-Display-Thin.otf in Resources */,
				A045B54A219D1BF4002B16FA /* SFCompactText-Semibold.otf in Resources */,
				A045B54C219D1BF4002B16FA /* SFCompactDisplay-Bold.otf in Resources */,
				A045B51D219CEEFE002B16FA /* SF-Pro-Text-Medium.otf in Resources */,
				A045B55E219F5F30002B16FA /* GoogleService-Info.plist in Resources */,
				A045B524219D0A45002B16FA /* SFCompactDisplay-Regular.otf in Resources */,
				A045B516219CEEFE002B16FA /* SF-Pro-Display-Regular.otf in Resources */,
				A045B559219DCD2B002B16FA /* SF-UI-Display-Regular.otf in Resources */,
				A045B53B219D1BF4002B16FA /* SFCompactDisplay-Medium.otf in Resources */,
				A045B547219D1BF4002B16FA /* SFCompactDisplay-Semibold.otf in Resources */,
				A045B507219CEEFE002B16FA /* SF-Pro-Text-Light.otf in Resources */,
				A045B51C219CEEFE002B16FA /* SF-Pro-Display-HeavyItalic.otf in Resources */,
				A045B50F219CEEFE002B16FA /* SF-Pro-Display-MediumItalic.otf in Resources */,
				A045B53F219D1BF4002B16FA /* SFCompactDisplay-Thin.otf in Resources */,
				A045B541219D1BF4002B16FA /* SFCompactText-Bold.otf in Resources */,
				A045B549219D1BF4002B16FA /* SFCompactText-Light.otf in Resources */,
				A045B509219CEEFE002B16FA /* SF-Pro-Display-Medium.otf in Resources */,
				A045B54D219D1BF4002B16FA /* SFCompactText-LightItalic.otf in Resources */,
				A045B543219D1BF4002B16FA /* SFCompactDisplay-Light.otf in Resources */,
				A045B511219CEEFE002B16FA /* SF-Pro-Text-MediumItalic.otf in Resources */,
				A045B515219CEEFE002B16FA /* SF-Pro-Text-SemiboldItalic.otf in Resources */,
				A045B514219CEEFE002B16FA /* SF-Pro-Text-Bold.otf in Resources */,
				A045B53C219D1BF4002B16FA /* SFCompactDisplay-Ultralight.otf in Resources */,
				A045B50C219CEEFE002B16FA /* SF-Pro-Display-LightItalic.otf in Resources */,
				A045B554219DCD2B002B16FA /* SF-UI-Display-Medium.otf in Resources */,
				A045B51F219CEEFE002B16FA /* SF-Pro-Text-Semibold.otf in Resources */,
				A045B53D219D1BF4002B16FA /* SFCompactText-Medium.otf in Resources */,
				A045B512219CEEFE002B16FA /* SF-Pro-Display-Light.otf in Resources */,
				A045B545219D1BF4002B16FA /* SFCompactDisplay-Black.otf in Resources */,
				A045B51B219CEEFE002B16FA /* SF-Pro-Display-Bold.otf in Resources */,
				A045B520219CEEFE002B16FA /* SF-Pro-Display-Heavy.otf in Resources */,
				A045B506219CEEFE002B16FA /* SF-Pro-Text-Heavy.otf in Resources */,
				A045B57C21A787AD002B16FA /* friends.jpg in Resources */,
				A045B548219D1BF4002B16FA /* SFCompactText-SemiboldItalic.otf in Resources */,
				A045B542219D1BF4002B16FA /* SFCompactText-RegularItalic.otf in Resources */,
				A045B50D219CEEFE002B16FA /* SF-Pro-Text-BoldItalic.otf in Resources */,
				A0066A65218CDDA80019EFF8 /* Assets.xcassets in Resources */,
				A045B54B219D1BF4002B16FA /* SFCompactText-HeavyItalic.otf in Resources */,
				A0066A63218CDDA30019EFF8 /* Main.storyboard in Resources */,
				A045B50A219CEEFE002B16FA /* SF-Pro-Display-Ultralight.otf in Resources */,
				A045B53E219D1BF4002B16FA /* SFCompactText-MediumItalic.otf in Resources */,
				A045B50B219CEEFE002B16FA /* SF-Pro-Text-LightItalic.otf in Resources */,
				A045B525219D0A45002B16FA /* SFCompactText-Regular.otf in Resources */,
				A045B510219CEEFE002B16FA /* SF-Pro-Display-Semibold.otf in Resources */,
				A045B505219CEEFE002B16FA /* SF-Pro-Text-HeavyItalic.otf in Resources */,
				A045B50E219CEEFE002B16FA /* SF-Pro-Display-SemiboldItalic.otf in Resources */,
				A045B558219DCD2B002B16FA /* SF-UI-Display-Semibold.otf in Resources */,
			);
			runOnlyForDeploymentPostprocessing = 0;
		};
/* End PBXResourcesBuildPhase section */

/* Begin PBXShellScriptBuildPhase section */
		54061DA80858E6A3995FEF3F /* [CP] Check Pods Manifest.lock */ = {
			isa = PBXShellScriptBuildPhase;
			buildActionMask = 2147483647;
			files = (
			);
			inputFileListPaths = (
			);
			inputPaths = (
				"${PODS_PODFILE_DIR_PATH}/Podfile.lock",
				"${PODS_ROOT}/Manifest.lock",
			);
			name = "[CP] Check Pods Manifest.lock";
			outputFileListPaths = (
			);
			outputPaths = (
				"$(DERIVED_FILE_DIR)/Pods-Value-checkManifestLockResult.txt",
			);
			runOnlyForDeploymentPostprocessing = 0;
			shellPath = /bin/sh;
			shellScript = "diff \"${PODS_PODFILE_DIR_PATH}/Podfile.lock\" \"${PODS_ROOT}/Manifest.lock\" > /dev/null\nif [ $? != 0 ] ; then\n    # print error to STDERR\n    echo \"error: The sandbox is not in sync with the Podfile.lock. Run 'pod install' or update your CocoaPods installation.\" >&2\n    exit 1\nfi\n# This output is used by Xcode 'outputs' to avoid re-running this script phase.\necho \"SUCCESS\" > \"${SCRIPT_OUTPUT_FILE_0}\"\n";
			showEnvVarsInLog = 0;
		};
		C945A34AF5544462C615141F /* [CP] Embed Pods Frameworks */ = {
			isa = PBXShellScriptBuildPhase;
			buildActionMask = 2147483647;
			files = (
			);
			inputFileListPaths = (
			);
			inputPaths = (
				"${SRCROOT}/Pods/Target Support Files/Pods-Value/Pods-Value-frameworks.sh",
				"${BUILT_PRODUCTS_DIR}/Alamofire/Alamofire.framework",
				"${BUILT_PRODUCTS_DIR}/GoogleUtilities/GoogleUtilities.framework",
				"${BUILT_PRODUCTS_DIR}/JDStatusBarNotification/JDStatusBarNotification.framework",
				"${BUILT_PRODUCTS_DIR}/Locksmith/Locksmith.framework",
				"${BUILT_PRODUCTS_DIR}/Protobuf/Protobuf.framework",
			);
			name = "[CP] Embed Pods Frameworks";
			outputFileListPaths = (
			);
			outputPaths = (
				"${TARGET_BUILD_DIR}/${FRAMEWORKS_FOLDER_PATH}/Alamofire.framework",
				"${TARGET_BUILD_DIR}/${FRAMEWORKS_FOLDER_PATH}/GoogleUtilities.framework",
				"${TARGET_BUILD_DIR}/${FRAMEWORKS_FOLDER_PATH}/JDStatusBarNotification.framework",
				"${TARGET_BUILD_DIR}/${FRAMEWORKS_FOLDER_PATH}/Locksmith.framework",
				"${TARGET_BUILD_DIR}/${FRAMEWORKS_FOLDER_PATH}/Protobuf.framework",
			);
			runOnlyForDeploymentPostprocessing = 0;
			shellPath = /bin/sh;
			shellScript = "\"${SRCROOT}/Pods/Target Support Files/Pods-Value/Pods-Value-frameworks.sh\"\n";
			showEnvVarsInLog = 0;
		};
/* End PBXShellScriptBuildPhase section */

/* Begin PBXSourcesBuildPhase section */
		A0066A56218CDDA30019EFF8 /* Sources */ = {
			isa = PBXSourcesBuildPhase;
			buildActionMask = 2147483647;
			files = (
				A0066A9C218E0B030019EFF8 /* LoginController.swift in Sources */,
				A074587321BB2EA000D3E483 /* AdminSideMenuCell.swift in Sources */,
				A0318B6E21951A5C00AB6EB6 /* ReviewCell.swift in Sources */,
				A0066A98218DFE040019EFF8 /* KeyChainAccess.swift in Sources */,
				A0318B6B21949A4E00AB6EB6 /* UserProfileHeader.swift in Sources */,
				A0066A8C218D3E2A0019EFF8 /* Reachability.swift in Sources */,
				A0066A7F218D002D0019EFF8 /* MainTabBarController.swift in Sources */,
				A074587E21BC82BE00D3E483 /* MainViewController.swift in Sources */,
				A0066A91218D41760019EFF8 /* User.swift in Sources */,
				A045B56221A1DA63002B16FA /* EditProfileController.swift in Sources */,
				A0066A88218D04080019EFF8 /* Extensions.swift in Sources */,
				A045B57721A78756002B16FA /* NSData+CommonCrypto.m in Sources */,
				A0066A8F218D41610019EFF8 /* Review.swift in Sources */,
				A0066A8A218D3DAE0019EFF8 /* CustomImageView.swift in Sources */,
				A045B57921A78756002B16FA /* AESCrypt.m in Sources */,
				A074587621BB5F7E00D3E483 /* Metric1.swift in Sources */,
				A045B4E3219CBFF4002B16FA /* HomeController.swift in Sources */,
				A045B57A21A78756002B16FA /* NSData+Base64.m in Sources */,
				A074587121BB2B8000D3E483 /* AdminSideMenu.swift in Sources */,
				A0066A5E218CDDA30019EFF8 /* AppDelegate.swift in Sources */,
				A0066A94218DFD7F0019EFF8 /* AuthService.swift in Sources */,
				A045B57821A78756002B16FA /* NSString+Base64.m in Sources */,
				A045B56021A05D35002B16FA /* SignUpController.swift in Sources */,
				A0318B672192953200AB6EB6 /* UserProfileController.swift in Sources */,
				A0066A83218D01770019EFF8 /* UserSearchController.swift in Sources */,
				A0318B6921937A9500AB6EB6 /* WriteReviewController.swift in Sources */,
				A036309921B0B84D000C9520 /* Helpers.swift in Sources */,
				A074587A21BC3F2B00D3E483 /* AdminLoginController.swift in Sources */,
				A036309721B0799E000C9520 /* ApiService.swift in Sources */,
				A0066A9A218DFE730019EFF8 /* Constants.swift in Sources */,
				A0318B64219247D900AB6EB6 /* UserSearchCell.swift in Sources */,
				A074587C21BC5A0500D3E483 /* AdminMainViewController.swift in Sources */,
				A0318B622192388D00AB6EB6 /* MyProfileController.swift in Sources */,
			);
			runOnlyForDeploymentPostprocessing = 0;
		};
/* End PBXSourcesBuildPhase section */

/* Begin PBXVariantGroup section */
		A0066A61218CDDA30019EFF8 /* Main.storyboard */ = {
			isa = PBXVariantGroup;
			children = (
				A0066A62218CDDA30019EFF8 /* Base */,
			);
			name = Main.storyboard;
			sourceTree = "<group>";
		};
		A0066A66218CDDA80019EFF8 /* LaunchScreen.storyboard */ = {
			isa = PBXVariantGroup;
			children = (
				A0066A67218CDDA80019EFF8 /* Base */,
			);
			name = LaunchScreen.storyboard;
			sourceTree = "<group>";
		};
/* End PBXVariantGroup section */

/* Begin XCBuildConfiguration section */
		A0066A6A218CDDA80019EFF8 /* Debug */ = {
			isa = XCBuildConfiguration;
			buildSettings = {
				ALWAYS_SEARCH_USER_PATHS = NO;
				CLANG_ANALYZER_NONNULL = YES;
				CLANG_ANALYZER_NUMBER_OBJECT_CONVERSION = YES_AGGRESSIVE;
				CLANG_CXX_LANGUAGE_STANDARD = "gnu++14";
				CLANG_CXX_LIBRARY = "libc++";
				CLANG_ENABLE_MODULES = YES;
				CLANG_ENABLE_OBJC_ARC = YES;
				CLANG_ENABLE_OBJC_WEAK = YES;
				CLANG_WARN_BLOCK_CAPTURE_AUTORELEASING = YES;
				CLANG_WARN_BOOL_CONVERSION = YES;
				CLANG_WARN_COMMA = YES;
				CLANG_WARN_CONSTANT_CONVERSION = YES;
				CLANG_WARN_DEPRECATED_OBJC_IMPLEMENTATIONS = YES;
				CLANG_WARN_DIRECT_OBJC_ISA_USAGE = YES_ERROR;
				CLANG_WARN_DOCUMENTATION_COMMENTS = YES;
				CLANG_WARN_EMPTY_BODY = YES;
				CLANG_WARN_ENUM_CONVERSION = YES;
				CLANG_WARN_INFINITE_RECURSION = YES;
				CLANG_WARN_INT_CONVERSION = YES;
				CLANG_WARN_NON_LITERAL_NULL_CONVERSION = YES;
				CLANG_WARN_OBJC_IMPLICIT_RETAIN_SELF = YES;
				CLANG_WARN_OBJC_LITERAL_CONVERSION = YES;
				CLANG_WARN_OBJC_ROOT_CLASS = YES_ERROR;
				CLANG_WARN_RANGE_LOOP_ANALYSIS = YES;
				CLANG_WARN_STRICT_PROTOTYPES = YES;
				CLANG_WARN_SUSPICIOUS_MOVE = YES;
				CLANG_WARN_UNGUARDED_AVAILABILITY = YES_AGGRESSIVE;
				CLANG_WARN_UNREACHABLE_CODE = YES;
				CLANG_WARN__DUPLICATE_METHOD_MATCH = YES;
				CODE_SIGN_IDENTITY = "iPhone Developer";
				COPY_PHASE_STRIP = NO;
				DEBUG_INFORMATION_FORMAT = dwarf;
				ENABLE_STRICT_OBJC_MSGSEND = YES;
				ENABLE_TESTABILITY = YES;
				GCC_C_LANGUAGE_STANDARD = gnu11;
				GCC_DYNAMIC_NO_PIC = NO;
				GCC_NO_COMMON_BLOCKS = YES;
				GCC_OPTIMIZATION_LEVEL = 0;
				GCC_PREPROCESSOR_DEFINITIONS = (
					"DEBUG=1",
					"$(inherited)",
				);
				GCC_WARN_64_TO_32_BIT_CONVERSION = YES;
				GCC_WARN_ABOUT_RETURN_TYPE = YES_ERROR;
				GCC_WARN_UNDECLARED_SELECTOR = YES;
				GCC_WARN_UNINITIALIZED_AUTOS = YES_AGGRESSIVE;
				GCC_WARN_UNUSED_FUNCTION = YES;
				GCC_WARN_UNUSED_VARIABLE = YES;
				IPHONEOS_DEPLOYMENT_TARGET = 11.4;
				MTL_ENABLE_DEBUG_INFO = YES;
				ONLY_ACTIVE_ARCH = YES;
				SDKROOT = iphoneos;
				SWIFT_ACTIVE_COMPILATION_CONDITIONS = DEBUG;
				SWIFT_OPTIMIZATION_LEVEL = "-Onone";
			};
			name = Debug;
		};
		A0066A6B218CDDA80019EFF8 /* Release */ = {
			isa = XCBuildConfiguration;
			buildSettings = {
				ALWAYS_SEARCH_USER_PATHS = NO;
				CLANG_ANALYZER_NONNULL = YES;
				CLANG_ANALYZER_NUMBER_OBJECT_CONVERSION = YES_AGGRESSIVE;
				CLANG_CXX_LANGUAGE_STANDARD = "gnu++14";
				CLANG_CXX_LIBRARY = "libc++";
				CLANG_ENABLE_MODULES = YES;
				CLANG_ENABLE_OBJC_ARC = YES;
				CLANG_ENABLE_OBJC_WEAK = YES;
				CLANG_WARN_BLOCK_CAPTURE_AUTORELEASING = YES;
				CLANG_WARN_BOOL_CONVERSION = YES;
				CLANG_WARN_COMMA = YES;
				CLANG_WARN_CONSTANT_CONVERSION = YES;
				CLANG_WARN_DEPRECATED_OBJC_IMPLEMENTATIONS = YES;
				CLANG_WARN_DIRECT_OBJC_ISA_USAGE = YES_ERROR;
				CLANG_WARN_DOCUMENTATION_COMMENTS = YES;
				CLANG_WARN_EMPTY_BODY = YES;
				CLANG_WARN_ENUM_CONVERSION = YES;
				CLANG_WARN_INFINITE_RECURSION = YES;
				CLANG_WARN_INT_CONVERSION = YES;
				CLANG_WARN_NON_LITERAL_NULL_CONVERSION = YES;
				CLANG_WARN_OBJC_IMPLICIT_RETAIN_SELF = YES;
				CLANG_WARN_OBJC_LITERAL_CONVERSION = YES;
				CLANG_WARN_OBJC_ROOT_CLASS = YES_ERROR;
				CLANG_WARN_RANGE_LOOP_ANALYSIS = YES;
				CLANG_WARN_STRICT_PROTOTYPES = YES;
				CLANG_WARN_SUSPICIOUS_MOVE = YES;
				CLANG_WARN_UNGUARDED_AVAILABILITY = YES_AGGRESSIVE;
				CLANG_WARN_UNREACHABLE_CODE = YES;
				CLANG_WARN__DUPLICATE_METHOD_MATCH = YES;
				CODE_SIGN_IDENTITY = "iPhone Developer";
				COPY_PHASE_STRIP = NO;
				DEBUG_INFORMATION_FORMAT = "dwarf-with-dsym";
				ENABLE_NS_ASSERTIONS = NO;
				ENABLE_STRICT_OBJC_MSGSEND = YES;
				GCC_C_LANGUAGE_STANDARD = gnu11;
				GCC_NO_COMMON_BLOCKS = YES;
				GCC_WARN_64_TO_32_BIT_CONVERSION = YES;
				GCC_WARN_ABOUT_RETURN_TYPE = YES_ERROR;
				GCC_WARN_UNDECLARED_SELECTOR = YES;
				GCC_WARN_UNINITIALIZED_AUTOS = YES_AGGRESSIVE;
				GCC_WARN_UNUSED_FUNCTION = YES;
				GCC_WARN_UNUSED_VARIABLE = YES;
				IPHONEOS_DEPLOYMENT_TARGET = 11.4;
				MTL_ENABLE_DEBUG_INFO = NO;
				SDKROOT = iphoneos;
				SWIFT_COMPILATION_MODE = wholemodule;
				SWIFT_OPTIMIZATION_LEVEL = "-O";
				VALIDATE_PRODUCT = YES;
			};
			name = Release;
		};
		A0066A6D218CDDA80019EFF8 /* Debug */ = {
			isa = XCBuildConfiguration;
			baseConfigurationReference = E9CD99A0CED2961A54737003 /* Pods-Value.debug.xcconfig */;
			buildSettings = {
				ASSETCATALOG_COMPILER_APPICON_NAME = AppIcon;
				CODE_SIGN_ENTITLEMENTS = Value/Value.entitlements;
				CODE_SIGN_STYLE = Automatic;
				DEVELOPMENT_TEAM = W7KDN9ZT24;
				INFOPLIST_FILE = Value/Info.plist;
				LD_RUNPATH_SEARCH_PATHS = (
					"$(inherited)",
					"@executable_path/Frameworks",
				);
				PRODUCT_BUNDLE_IDENTIFIER = com.OmarTorres.Value;
				PRODUCT_NAME = "$(TARGET_NAME)";
				SWIFT_OBJC_BRIDGING_HEADER = "$(PROJECT_DIR)/Value/Supporting files/Value-Bridging-Header.h";
				SWIFT_VERSION = 4.0;
				TARGETED_DEVICE_FAMILY = 1;
			};
			name = Debug;
		};
		A0066A6E218CDDA80019EFF8 /* Release */ = {
			isa = XCBuildConfiguration;
			baseConfigurationReference = E9A13A9EA47C7CE9CC8C8CF1 /* Pods-Value.release.xcconfig */;
			buildSettings = {
				ASSETCATALOG_COMPILER_APPICON_NAME = AppIcon;
				CODE_SIGN_ENTITLEMENTS = Value/Value.entitlements;
				CODE_SIGN_STYLE = Automatic;
				DEVELOPMENT_TEAM = W7KDN9ZT24;
				INFOPLIST_FILE = Value/Info.plist;
				LD_RUNPATH_SEARCH_PATHS = (
					"$(inherited)",
					"@executable_path/Frameworks",
				);
				PRODUCT_BUNDLE_IDENTIFIER = com.OmarTorres.Value;
				PRODUCT_NAME = "$(TARGET_NAME)";
				SWIFT_OBJC_BRIDGING_HEADER = "$(PROJECT_DIR)/Value/Supporting files/Value-Bridging-Header.h";
				SWIFT_VERSION = 4.0;
				TARGETED_DEVICE_FAMILY = 1;
			};
			name = Release;
		};
/* End XCBuildConfiguration section */

/* Begin XCConfigurationList section */
		A0066A55218CDDA20019EFF8 /* Build configuration list for PBXProject "Value" */ = {
			isa = XCConfigurationList;
			buildConfigurations = (
				A0066A6A218CDDA80019EFF8 /* Debug */,
				A0066A6B218CDDA80019EFF8 /* Release */,
			);
			defaultConfigurationIsVisible = 0;
			defaultConfigurationName = Release;
		};
		A0066A6C218CDDA80019EFF8 /* Build configuration list for PBXNativeTarget "Value" */ = {
			isa = XCConfigurationList;
			buildConfigurations = (
				A0066A6D218CDDA80019EFF8 /* Debug */,
				A0066A6E218CDDA80019EFF8 /* Release */,
			);
			defaultConfigurationIsVisible = 0;
			defaultConfigurationName = Release;
		};
/* End XCConfigurationList section */
	};
	rootObject = A0066A52218CDDA20019EFF8 /* Project object */;
}
